// !$*UTF8*$!
{
	archiveVersion = 1;
	classes = {
	};
	objectVersion = 46;
	objects = {

/* Begin PBXBuildFile section */
		FE7D7D2B1F5AAB4A004DEA41 /* main.m in Sources */ = {isa = PBXBuildFile; fileRef = FE7D7D2A1F5AAB4A004DEA41 /* main.m */; };
		FE7D7D2E1F5AAB4A004DEA41 /* AppDelegate.m in Sources */ = {isa = PBXBuildFile; fileRef = FE7D7D2D1F5AAB4A004DEA41 /* AppDelegate.m */; };
		FE7D7D311F5AAB4A004DEA41 /* ViewController.m in Sources */ = {isa = PBXBuildFile; fileRef = FE7D7D301F5AAB4A004DEA41 /* ViewController.m */; };
		FE7D7D341F5AAB4A004DEA41 /* Main.storyboard in Resources */ = {isa = PBXBuildFile; fileRef = FE7D7D321F5AAB4A004DEA41 /* Main.storyboard */; };
		FE7D7D361F5AAB4A004DEA41 /* Assets.xcassets in Resources */ = {isa = PBXBuildFile; fileRef = FE7D7D351F5AAB4A004DEA41 /* Assets.xcassets */; };
		FE7D7D391F5AAB4A004DEA41 /* LaunchScreen.storyboard in Resources */ = {isa = PBXBuildFile; fileRef = FE7D7D371F5AAB4A004DEA41 /* LaunchScreen.storyboard */; };
		FE7D7D441F5AAB4A004DEA41 /* HZRouteTests.m in Sources */ = {isa = PBXBuildFile; fileRef = FE7D7D431F5AAB4A004DEA41 /* HZRouteTests.m */; };
		FE7D7D4F1F5AAB4A004DEA41 /* HZRouteUITests.m in Sources */ = {isa = PBXBuildFile; fileRef = FE7D7D4E1F5AAB4A004DEA41 /* HZRouteUITests.m */; };
		FE7D7D5E1F5AAB9A004DEA41 /* HZRoute.m in Sources */ = {isa = PBXBuildFile; fileRef = FE7D7D5D1F5AAB9A004DEA41 /* HZRoute.m */; };
		FE7D7D641F5BAC28004DEA41 /* HZRoute+PresentViewController.m in Sources */ = {isa = PBXBuildFile; fileRef = FE7D7D631F5BAC28004DEA41 /* HZRoute+PresentViewController.m */; };
		FE7D7D651F5BAC28004DEA41 /* HZRoute+PresentViewController.m in Sources */ = {isa = PBXBuildFile; fileRef = FE7D7D631F5BAC28004DEA41 /* HZRoute+PresentViewController.m */; };
		FE7D7D661F5BAC28004DEA41 /* HZRoute+PresentViewController.m in Sources */ = {isa = PBXBuildFile; fileRef = FE7D7D631F5BAC28004DEA41 /* HZRoute+PresentViewController.m */; };
		FE7D7D6A1F5BED10004DEA41 /* ViewController1.m in Sources */ = {isa = PBXBuildFile; fileRef = FE7D7D681F5BED10004DEA41 /* ViewController1.m */; };
		FE7D7D6B1F5BED10004DEA41 /* ViewController1.m in Sources */ = {isa = PBXBuildFile; fileRef = FE7D7D681F5BED10004DEA41 /* ViewController1.m */; };
		FE7D7D6C1F5BED10004DEA41 /* ViewController1.m in Sources */ = {isa = PBXBuildFile; fileRef = FE7D7D681F5BED10004DEA41 /* ViewController1.m */; };
		FE7D7D6D1F5BED10004DEA41 /* ViewController1.xib in Resources */ = {isa = PBXBuildFile; fileRef = FE7D7D691F5BED10004DEA41 /* ViewController1.xib */; };
		FE7D7D6E1F5BED10004DEA41 /* ViewController1.xib in Resources */ = {isa = PBXBuildFile; fileRef = FE7D7D691F5BED10004DEA41 /* ViewController1.xib */; };
		FE7D7D6F1F5BED10004DEA41 /* ViewController1.xib in Resources */ = {isa = PBXBuildFile; fileRef = FE7D7D691F5BED10004DEA41 /* ViewController1.xib */; };
		FE7D7D721F5BF296004DEA41 /* WebKit.framework in Frameworks */ = {isa = PBXBuildFile; fileRef = FE7D7D711F5BF296004DEA41 /* WebKit.framework */; };
		FE7D7D761F5BF395004DEA41 /* HZWebView.m in Sources */ = {isa = PBXBuildFile; fileRef = FE7D7D741F5BF395004DEA41 /* HZWebView.m */; };
		FE7D7D771F5BF395004DEA41 /* HZWebView.m in Sources */ = {isa = PBXBuildFile; fileRef = FE7D7D741F5BF395004DEA41 /* HZWebView.m */; };
		FE7D7D781F5BF395004DEA41 /* HZWebView.m in Sources */ = {isa = PBXBuildFile; fileRef = FE7D7D741F5BF395004DEA41 /* HZWebView.m */; };
		FE7D7D791F5BF395004DEA41 /* HZWebView.xib in Resources */ = {isa = PBXBuildFile; fileRef = FE7D7D751F5BF395004DEA41 /* HZWebView.xib */; };
		FE7D7D7A1F5BF395004DEA41 /* HZWebView.xib in Resources */ = {isa = PBXBuildFile; fileRef = FE7D7D751F5BF395004DEA41 /* HZWebView.xib */; };
		FE7D7D7B1F5BF395004DEA41 /* HZWebView.xib in Resources */ = {isa = PBXBuildFile; fileRef = FE7D7D751F5BF395004DEA41 /* HZWebView.xib */; };
/* End PBXBuildFile section */

/* Begin PBXContainerItemProxy section */
		FE7D7D401F5AAB4A004DEA41 /* PBXContainerItemProxy */ = {
			isa = PBXContainerItemProxy;
			containerPortal = FE7D7D1E1F5AAB4A004DEA41 /* Project object */;
			proxyType = 1;
			remoteGlobalIDString = FE7D7D251F5AAB4A004DEA41;
			remoteInfo = HZRoute;
		};
		FE7D7D4B1F5AAB4A004DEA41 /* PBXContainerItemProxy */ = {
			isa = PBXContainerItemProxy;
			containerPortal = FE7D7D1E1F5AAB4A004DEA41 /* Project object */;
			proxyType = 1;
			remoteGlobalIDString = FE7D7D251F5AAB4A004DEA41;
			remoteInfo = HZRoute;
		};
/* End PBXContainerItemProxy section */

/* Begin PBXFileReference section */
		FE7D7D261F5AAB4A004DEA41 /* HZRoute.app */ = {isa = PBXFileReference; explicitFileType = wrapper.application; includeInIndex = 0; path = HZRoute.app; sourceTree = BUILT_PRODUCTS_DIR; };
		FE7D7D2A1F5AAB4A004DEA41 /* main.m */ = {isa = PBXFileReference; lastKnownFileType = sourcecode.c.objc; path = main.m; sourceTree = "<group>"; };
		FE7D7D2C1F5AAB4A004DEA41 /* AppDelegate.h */ = {isa = PBXFileReference; lastKnownFileType = sourcecode.c.h; path = AppDelegate.h; sourceTree = "<group>"; };
		FE7D7D2D1F5AAB4A004DEA41 /* AppDelegate.m */ = {isa = PBXFileReference; lastKnownFileType = sourcecode.c.objc; path = AppDelegate.m; sourceTree = "<group>"; };
		FE7D7D2F1F5AAB4A004DEA41 /* ViewController.h */ = {isa = PBXFileReference; lastKnownFileType = sourcecode.c.h; path = ViewController.h; sourceTree = "<group>"; };
		FE7D7D301F5AAB4A004DEA41 /* ViewController.m */ = {isa = PBXFileReference; lastKnownFileType = sourcecode.c.objc; path = ViewController.m; sourceTree = "<group>"; };
		FE7D7D331F5AAB4A004DEA41 /* Base */ = {isa = PBXFileReference; lastKnownFileType = file.storyboard; name = Base; path = Base.lproj/Main.storyboard; sourceTree = "<group>"; };
		FE7D7D351F5AAB4A004DEA41 /* Assets.xcassets */ = {isa = PBXFileReference; lastKnownFileType = folder.assetcatalog; path = Assets.xcassets; sourceTree = "<group>"; };
		FE7D7D381F5AAB4A004DEA41 /* Base */ = {isa = PBXFileReference; lastKnownFileType = file.storyboard; name = Base; path = Base.lproj/LaunchScreen.storyboard; sourceTree = "<group>"; };
		FE7D7D3A1F5AAB4A004DEA41 /* Info.plist */ = {isa = PBXFileReference; lastKnownFileType = text.plist.xml; path = Info.plist; sourceTree = "<group>"; };
		FE7D7D3F1F5AAB4A004DEA41 /* HZRouteTests.xctest */ = {isa = PBXFileReference; explicitFileType = wrapper.cfbundle; includeInIndex = 0; path = HZRouteTests.xctest; sourceTree = BUILT_PRODUCTS_DIR; };
		FE7D7D431F5AAB4A004DEA41 /* HZRouteTests.m */ = {isa = PBXFileReference; lastKnownFileType = sourcecode.c.objc; path = HZRouteTests.m; sourceTree = "<group>"; };
		FE7D7D451F5AAB4A004DEA41 /* Info.plist */ = {isa = PBXFileReference; lastKnownFileType = text.plist.xml; path = Info.plist; sourceTree = "<group>"; };
		FE7D7D4A1F5AAB4A004DEA41 /* HZRouteUITests.xctest */ = {isa = PBXFileReference; explicitFileType = wrapper.cfbundle; includeInIndex = 0; path = HZRouteUITests.xctest; sourceTree = BUILT_PRODUCTS_DIR; };
		FE7D7D4E1F5AAB4A004DEA41 /* HZRouteUITests.m */ = {isa = PBXFileReference; lastKnownFileType = sourcecode.c.objc; path = HZRouteUITests.m; sourceTree = "<group>"; };
		FE7D7D501F5AAB4A004DEA41 /* Info.plist */ = {isa = PBXFileReference; lastKnownFileType = text.plist.xml; path = Info.plist; sourceTree = "<group>"; };
		FE7D7D5C1F5AAB9A004DEA41 /* HZRoute.h */ = {isa = PBXFileReference; fileEncoding = 4; lastKnownFileType = sourcecode.c.h; path = HZRoute.h; sourceTree = "<group>"; };
		FE7D7D5D1F5AAB9A004DEA41 /* HZRoute.m */ = {isa = PBXFileReference; fileEncoding = 4; lastKnownFileType = sourcecode.c.objc; path = HZRoute.m; sourceTree = "<group>"; };
		FE7D7D621F5BAC28004DEA41 /* HZRoute+PresentViewController.h */ = {isa = PBXFileReference; fileEncoding = 4; lastKnownFileType = sourcecode.c.h; path = "HZRoute+PresentViewController.h"; sourceTree = "<group>"; };
		FE7D7D631F5BAC28004DEA41 /* HZRoute+PresentViewController.m */ = {isa = PBXFileReference; fileEncoding = 4; lastKnownFileType = sourcecode.c.objc; path = "HZRoute+PresentViewController.m"; sourceTree = "<group>"; };
		FE7D7D671F5BED10004DEA41 /* ViewController1.h */ = {isa = PBXFileReference; fileEncoding = 4; lastKnownFileType = sourcecode.c.h; path = ViewController1.h; sourceTree = "<group>"; };
		FE7D7D681F5BED10004DEA41 /* ViewController1.m */ = {isa = PBXFileReference; fileEncoding = 4; lastKnownFileType = sourcecode.c.objc; path = ViewController1.m; sourceTree = "<group>"; };
		FE7D7D691F5BED10004DEA41 /* ViewController1.xib */ = {isa = PBXFileReference; fileEncoding = 4; lastKnownFileType = file.xib; path = ViewController1.xib; sourceTree = "<group>"; };
		FE7D7D711F5BF296004DEA41 /* WebKit.framework */ = {isa = PBXFileReference; lastKnownFileType = wrapper.framework; name = WebKit.framework; path = System/Library/Frameworks/WebKit.framework; sourceTree = SDKROOT; };
		FE7D7D731F5BF395004DEA41 /* HZWebView.h */ = {isa = PBXFileReference; fileEncoding = 4; lastKnownFileType = sourcecode.c.h; path = HZWebView.h; sourceTree = "<group>"; };
		FE7D7D741F5BF395004DEA41 /* HZWebView.m */ = {isa = PBXFileReference; fileEncoding = 4; lastKnownFileType = sourcecode.c.objc; path = HZWebView.m; sourceTree = "<group>"; };
		FE7D7D751F5BF395004DEA41 /* HZWebView.xib */ = {isa = PBXFileReference; fileEncoding = 4; lastKnownFileType = file.xib; path = HZWebView.xib; sourceTree = "<group>"; };
		FE7D7D7C1F5D0091004DEA41 /* HZRouteGlobalConstant.h */ = {isa = PBXFileReference; fileEncoding = 4; lastKnownFileType = sourcecode.c.h; path = HZRouteGlobalConstant.h; sourceTree = "<group>"; };
/* End PBXFileReference section */

/* Begin PBXFrameworksBuildPhase section */
		FE7D7D231F5AAB4A004DEA41 /* Frameworks */ = {
			isa = PBXFrameworksBuildPhase;
			buildActionMask = 2147483647;
			files = (
				FE7D7D721F5BF296004DEA41 /* WebKit.framework in Frameworks */,
			);
			runOnlyForDeploymentPostprocessing = 0;
		};
		FE7D7D3C1F5AAB4A004DEA41 /* Frameworks */ = {
			isa = PBXFrameworksBuildPhase;
			buildActionMask = 2147483647;
			files = (
			);
			runOnlyForDeploymentPostprocessing = 0;
		};
		FE7D7D471F5AAB4A004DEA41 /* Frameworks */ = {
			isa = PBXFrameworksBuildPhase;
			buildActionMask = 2147483647;
			files = (
			);
			runOnlyForDeploymentPostprocessing = 0;
		};
/* End PBXFrameworksBuildPhase section */

/* Begin PBXGroup section */
		FE7D7D1D1F5AAB4A004DEA41 = {
			isa = PBXGroup;
			children = (
				FE7D7D281F5AAB4A004DEA41 /* HZRoute */,
				FE7D7D421F5AAB4A004DEA41 /* HZRouteTests */,
				FE7D7D4D1F5AAB4A004DEA41 /* HZRouteUITests */,
				FE7D7D271F5AAB4A004DEA41 /* Products */,
				FE7D7D701F5BF296004DEA41 /* Frameworks */,
			);
			sourceTree = "<group>";
		};
		FE7D7D271F5AAB4A004DEA41 /* Products */ = {
			isa = PBXGroup;
			children = (
				FE7D7D261F5AAB4A004DEA41 /* HZRoute.app */,
				FE7D7D3F1F5AAB4A004DEA41 /* HZRouteTests.xctest */,
				FE7D7D4A1F5AAB4A004DEA41 /* HZRouteUITests.xctest */,
			);
			name = Products;
			sourceTree = "<group>";
		};
		FE7D7D281F5AAB4A004DEA41 /* HZRoute */ = {
			isa = PBXGroup;
			children = (
				FE7D7D2C1F5AAB4A004DEA41 /* AppDelegate.h */,
				FE7D7D2D1F5AAB4A004DEA41 /* AppDelegate.m */,
				FE7D7D2F1F5AAB4A004DEA41 /* ViewController.h */,
				FE7D7D301F5AAB4A004DEA41 /* ViewController.m */,
				FE7D7D671F5BED10004DEA41 /* ViewController1.h */,
				FE7D7D681F5BED10004DEA41 /* ViewController1.m */,
				FE7D7D691F5BED10004DEA41 /* ViewController1.xib */,
				FE7D7D731F5BF395004DEA41 /* HZWebView.h */,
				FE7D7D741F5BF395004DEA41 /* HZWebView.m */,
				FE7D7D751F5BF395004DEA41 /* HZWebView.xib */,
				FE7D7D321F5AAB4A004DEA41 /* Main.storyboard */,
				FE7D7D5C1F5AAB9A004DEA41 /* HZRoute.h */,
				FE7D7D5D1F5AAB9A004DEA41 /* HZRoute.m */,
				FE7D7D7C1F5D0091004DEA41 /* HZRouteGlobalConstant.h */,
				FE7D7D621F5BAC28004DEA41 /* HZRoute+PresentViewController.h */,
				FE7D7D631F5BAC28004DEA41 /* HZRoute+PresentViewController.m */,
				FE7D7D351F5AAB4A004DEA41 /* Assets.xcassets */,
				FE7D7D371F5AAB4A004DEA41 /* LaunchScreen.storyboard */,
				FE7D7D3A1F5AAB4A004DEA41 /* Info.plist */,
				FE7D7D291F5AAB4A004DEA41 /* Supporting Files */,
			);
			path = HZRoute;
			sourceTree = "<group>";
		};
		FE7D7D291F5AAB4A004DEA41 /* Supporting Files */ = {
			isa = PBXGroup;
			children = (
				FE7D7D2A1F5AAB4A004DEA41 /* main.m */,
			);
			name = "Supporting Files";
			sourceTree = "<group>";
		};
		FE7D7D421F5AAB4A004DEA41 /* HZRouteTests */ = {
			isa = PBXGroup;
			children = (
				FE7D7D431F5AAB4A004DEA41 /* HZRouteTests.m */,
				FE7D7D451F5AAB4A004DEA41 /* Info.plist */,
			);
			path = HZRouteTests;
			sourceTree = "<group>";
		};
		FE7D7D4D1F5AAB4A004DEA41 /* HZRouteUITests */ = {
			isa = PBXGroup;
			children = (
				FE7D7D4E1F5AAB4A004DEA41 /* HZRouteUITests.m */,
				FE7D7D501F5AAB4A004DEA41 /* Info.plist */,
			);
			path = HZRouteUITests;
			sourceTree = "<group>";
		};
		FE7D7D701F5BF296004DEA41 /* Frameworks */ = {
			isa = PBXGroup;
			children = (
				FE7D7D711F5BF296004DEA41 /* WebKit.framework */,
			);
			name = Frameworks;
			sourceTree = "<group>";
		};
/* End PBXGroup section */

/* Begin PBXNativeTarget section */
		FE7D7D251F5AAB4A004DEA41 /* HZRoute */ = {
			isa = PBXNativeTarget;
			buildConfigurationList = FE7D7D531F5AAB4A004DEA41 /* Build configuration list for PBXNativeTarget "HZRoute" */;
			buildPhases = (
				FE7D7D221F5AAB4A004DEA41 /* Sources */,
				FE7D7D231F5AAB4A004DEA41 /* Frameworks */,
				FE7D7D241F5AAB4A004DEA41 /* Resources */,
			);
			buildRules = (
			);
			dependencies = (
			);
			name = HZRoute;
			productName = HZRoute;
			productReference = FE7D7D261F5AAB4A004DEA41 /* HZRoute.app */;
			productType = "com.apple.product-type.application";
		};
		FE7D7D3E1F5AAB4A004DEA41 /* HZRouteTests */ = {
			isa = PBXNativeTarget;
			buildConfigurationList = FE7D7D561F5AAB4A004DEA41 /* Build configuration list for PBXNativeTarget "HZRouteTests" */;
			buildPhases = (
				FE7D7D3B1F5AAB4A004DEA41 /* Sources */,
				FE7D7D3C1F5AAB4A004DEA41 /* Frameworks */,
				FE7D7D3D1F5AAB4A004DEA41 /* Resources */,
			);
			buildRules = (
			);
			dependencies = (
				FE7D7D411F5AAB4A004DEA41 /* PBXTargetDependency */,
			);
			name = HZRouteTests;
			productName = HZRouteTests;
			productReference = FE7D7D3F1F5AAB4A004DEA41 /* HZRouteTests.xctest */;
			productType = "com.apple.product-type.bundle.unit-test";
		};
		FE7D7D491F5AAB4A004DEA41 /* HZRouteUITests */ = {
			isa = PBXNativeTarget;
			buildConfigurationList = FE7D7D591F5AAB4A004DEA41 /* Build configuration list for PBXNativeTarget "HZRouteUITests" */;
			buildPhases = (
				FE7D7D461F5AAB4A004DEA41 /* Sources */,
				FE7D7D471F5AAB4A004DEA41 /* Frameworks */,
				FE7D7D481F5AAB4A004DEA41 /* Resources */,
			);
			buildRules = (
			);
			dependencies = (
				FE7D7D4C1F5AAB4A004DEA41 /* PBXTargetDependency */,
			);
			name = HZRouteUITests;
			productName = HZRouteUITests;
			productReference = FE7D7D4A1F5AAB4A004DEA41 /* HZRouteUITests.xctest */;
			productType = "com.apple.product-type.bundle.ui-testing";
		};
/* End PBXNativeTarget section */

/* Begin PBXProject section */
		FE7D7D1E1F5AAB4A004DEA41 /* Project object */ = {
			isa = PBXProject;
			attributes = {
				LastUpgradeCheck = 0830;
				ORGANIZATIONNAME = "吴华林";
				TargetAttributes = {
					FE7D7D251F5AAB4A004DEA41 = {
						CreatedOnToolsVersion = 8.3.3;
						ProvisioningStyle = Automatic;
					};
					FE7D7D3E1F5AAB4A004DEA41 = {
						CreatedOnToolsVersion = 8.3.3;
						ProvisioningStyle = Automatic;
						TestTargetID = FE7D7D251F5AAB4A004DEA41;
					};
					FE7D7D491F5AAB4A004DEA41 = {
						CreatedOnToolsVersion = 8.3.3;
						ProvisioningStyle = Automatic;
						TestTargetID = FE7D7D251F5AAB4A004DEA41;
					};
				};
			};
			buildConfigurationList = FE7D7D211F5AAB4A004DEA41 /* Build configuration list for PBXProject "HZRoute" */;
			compatibilityVersion = "Xcode 3.2";
			developmentRegion = English;
			hasScannedForEncodings = 0;
			knownRegions = (
				en,
				Base,
			);
			mainGroup = FE7D7D1D1F5AAB4A004DEA41;
			productRefGroup = FE7D7D271F5AAB4A004DEA41 /* Products */;
			projectDirPath = "";
			projectRoot = "";
			targets = (
				FE7D7D251F5AAB4A004DEA41 /* HZRoute */,
				FE7D7D3E1F5AAB4A004DEA41 /* HZRouteTests */,
				FE7D7D491F5AAB4A004DEA41 /* HZRouteUITests */,
			);
		};
/* End PBXProject section */

/* Begin PBXResourcesBuildPhase section */
		FE7D7D241F5AAB4A004DEA41 /* Resources */ = {
			isa = PBXResourcesBuildPhase;
			buildActionMask = 2147483647;
			files = (
				FE7D7D6D1F5BED10004DEA41 /* ViewController1.xib in Resources */,
				FE7D7D391F5AAB4A004DEA41 /* LaunchScreen.storyboard in Resources */,
				FE7D7D791F5BF395004DEA41 /* HZWebView.xib in Resources */,
				FE7D7D361F5AAB4A004DEA41 /* Assets.xcassets in Resources */,
				FE7D7D341F5AAB4A004DEA41 /* Main.storyboard in Resources */,
			);
			runOnlyForDeploymentPostprocessing = 0;
		};
		FE7D7D3D1F5AAB4A004DEA41 /* Resources */ = {
			isa = PBXResourcesBuildPhase;
			buildActionMask = 2147483647;
			files = (
				FE7D7D6E1F5BED10004DEA41 /* ViewController1.xib in Resources */,
				FE7D7D7A1F5BF395004DEA41 /* HZWebView.xib in Resources */,
			);
			runOnlyForDeploymentPostprocessing = 0;
		};
		FE7D7D481F5AAB4A004DEA41 /* Resources */ = {
			isa = PBXResourcesBuildPhase;
			buildActionMask = 2147483647;
			files = (
				FE7D7D6F1F5BED10004DEA41 /* ViewController1.xib in Resources */,
				FE7D7D7B1F5BF395004DEA41 /* HZWebView.xib in Resources */,
			);
			runOnlyForDeploymentPostprocessing = 0;
		};
/* End PBXResourcesBuildPhase section */

/* Begin PBXSourcesBuildPhase section */
		FE7D7D221F5AAB4A004DEA41 /* Sources */ = {
			isa = PBXSourcesBuildPhase;
			buildActionMask = 2147483647;
			files = (
				FE7D7D641F5BAC28004DEA41 /* HZRoute+PresentViewController.m in Sources */,
				FE7D7D311F5AAB4A004DEA41 /* ViewController.m in Sources */,
				FE7D7D6A1F5BED10004DEA41 /* ViewController1.m in Sources */,
				FE7D7D5E1F5AAB9A004DEA41 /* HZRoute.m in Sources */,
				FE7D7D761F5BF395004DEA41 /* HZWebView.m in Sources */,
				FE7D7D2E1F5AAB4A004DEA41 /* AppDelegate.m in Sources */,
				FE7D7D2B1F5AAB4A004DEA41 /* main.m in Sources */,
			);
			runOnlyForDeploymentPostprocessing = 0;
		};
		FE7D7D3B1F5AAB4A004DEA41 /* Sources */ = {
			isa = PBXSourcesBuildPhase;
			buildActionMask = 2147483647;
			files = (
				FE7D7D651F5BAC28004DEA41 /* HZRoute+PresentViewController.m in Sources */,
				FE7D7D771F5BF395004DEA41 /* HZWebView.m in Sources */,
				FE7D7D441F5AAB4A004DEA41 /* HZRouteTests.m in Sources */,
				FE7D7D6B1F5BED10004DEA41 /* ViewController1.m in Sources */,
			);
			runOnlyForDeploymentPostprocessing = 0;
		};
		FE7D7D461F5AAB4A004DEA41 /* Sources */ = {
			isa = PBXSourcesBuildPhase;
			buildActionMask = 2147483647;
			files = (
				FE7D7D661F5BAC28004DEA41 /* HZRoute+PresentViewController.m in Sources */,
				FE7D7D781F5BF395004DEA41 /* HZWebView.m in Sources */,
				FE7D7D4F1F5AAB4A004DEA41 /* HZRouteUITests.m in Sources */,
				FE7D7D6C1F5BED10004DEA41 /* ViewController1.m in Sources */,
			);
			runOnlyForDeploymentPostprocessing = 0;
		};
/* End PBXSourcesBuildPhase section */

/* Begin PBXTargetDependency section */
		FE7D7D411F5AAB4A004DEA41 /* PBXTargetDependency */ = {
			isa = PBXTargetDependency;
			target = FE7D7D251F5AAB4A004DEA41 /* HZRoute */;
			targetProxy = FE7D7D401F5AAB4A004DEA41 /* PBXContainerItemProxy */;
		};
		FE7D7D4C1F5AAB4A004DEA41 /* PBXTargetDependency */ = {
			isa = PBXTargetDependency;
			target = FE7D7D251F5AAB4A004DEA41 /* HZRoute */;
			targetProxy = FE7D7D4B1F5AAB4A004DEA41 /* PBXContainerItemProxy */;
		};
/* End PBXTargetDependency section */

/* Begin PBXVariantGroup section */
		FE7D7D321F5AAB4A004DEA41 /* Main.storyboard */ = {
			isa = PBXVariantGroup;
			children = (
				FE7D7D331F5AAB4A004DEA41 /* Base */,
			);
			name = Main.storyboard;
			sourceTree = "<group>";
		};
		FE7D7D371F5AAB4A004DEA41 /* LaunchScreen.storyboard */ = {
			isa = PBXVariantGroup;
			children = (
				FE7D7D381F5AAB4A004DEA41 /* Base */,
			);
			name = LaunchScreen.storyboard;
			sourceTree = "<group>";
		};
/* End PBXVariantGroup section */

/* Begin XCBuildConfiguration section */
		FE7D7D511F5AAB4A004DEA41 /* Debug */ = {
			isa = XCBuildConfiguration;
			buildSettings = {
				ALWAYS_SEARCH_USER_PATHS = NO;
				CLANG_ANALYZER_NONNULL = YES;
				CLANG_ANALYZER_NUMBER_OBJECT_CONVERSION = YES_AGGRESSIVE;
				CLANG_CXX_LANGUAGE_STANDARD = "gnu++0x";
				CLANG_CXX_LIBRARY = "libc++";
				CLANG_ENABLE_MODULES = YES;
				CLANG_ENABLE_OBJC_ARC = YES;
				CLANG_WARN_BOOL_CONVERSION = YES;
				CLANG_WARN_CONSTANT_CONVERSION = YES;
				CLANG_WARN_DIRECT_OBJC_ISA_USAGE = YES_ERROR;
				CLANG_WARN_DOCUMENTATION_COMMENTS = YES;
				CLANG_WARN_EMPTY_BODY = YES;
				CLANG_WARN_ENUM_CONVERSION = YES;
				CLANG_WARN_INFINITE_RECURSION = YES;
				CLANG_WARN_INT_CONVERSION = YES;
				CLANG_WARN_OBJC_ROOT_CLASS = YES_ERROR;
				CLANG_WARN_SUSPICIOUS_MOVE = YES;
				CLANG_WARN_UNREACHABLE_CODE = YES;
				CLANG_WARN__DUPLICATE_METHOD_MATCH = YES;
				"CODE_SIGN_IDENTITY[sdk=iphoneos*]" = "iPhone Developer";
				COPY_PHASE_STRIP = NO;
				DEBUG_INFORMATION_FORMAT = dwarf;
				ENABLE_STRICT_OBJC_MSGSEND = YES;
				ENABLE_TESTABILITY = YES;
				GCC_C_LANGUAGE_STANDARD = gnu99;
				GCC_DYNAMIC_NO_PIC = NO;
				GCC_NO_COMMON_BLOCKS = YES;
				GCC_OPTIMIZATION_LEVEL = 0;
				GCC_PREPROCESSOR_DEFINITIONS = (
					"DEBUG=1",
					"$(inherited)",
				);
				GCC_WARN_64_TO_32_BIT_CONVERSION = YES;
				GCC_WARN_ABOUT_RETURN_TYPE = YES_ERROR;
				GCC_WARN_UNDECLARED_SELECTOR = YES;
				GCC_WARN_UNINITIALIZED_AUTOS = YES_AGGRESSIVE;
				GCC_WARN_UNUSED_FUNCTION = YES;
				GCC_WARN_UNUSED_VARIABLE = YES;
				IPHONEOS_DEPLOYMENT_TARGET = 10.3;
				MTL_ENABLE_DEBUG_INFO = YES;
				ONLY_ACTIVE_ARCH = YES;
				SDKROOT = iphoneos;
				TARGETED_DEVICE_FAMILY = "1,2";
			};
			name = Debug;
		};
		FE7D7D521F5AAB4A004DEA41 /* Release */ = {
			isa = XCBuildConfiguration;
			buildSettings = {
				ALWAYS_SEARCH_USER_PATHS = NO;
				CLANG_ANALYZER_NONNULL = YES;
				CLANG_ANALYZER_NUMBER_OBJECT_CONVERSION = YES_AGGRESSIVE;
				CLANG_CXX_LANGUAGE_STANDARD = "gnu++0x";
				CLANG_CXX_LIBRARY = "libc++";
				CLANG_ENABLE_MODULES = YES;
				CLANG_ENABLE_OBJC_ARC = YES;
				CLANG_WARN_BOOL_CONVERSION = YES;
				CLANG_WARN_CONSTANT_CONVERSION = YES;
				CLANG_WARN_DIRECT_OBJC_ISA_USAGE = YES_ERROR;
				CLANG_WARN_DOCUMENTATION_COMMENTS = YES;
				CLANG_WARN_EMPTY_BODY = YES;
				CLANG_WARN_ENUM_CONVERSION = YES;
				CLANG_WARN_INFINITE_RECURSION = YES;
				CLANG_WARN_INT_CONVERSION = YES;
				CLANG_WARN_OBJC_ROOT_CLASS = YES_ERROR;
				CLANG_WARN_SUSPICIOUS_MOVE = YES;
				CLANG_WARN_UNREACHABLE_CODE = YES;
				CLANG_WARN__DUPLICATE_METHOD_MATCH = YES;
				"CODE_SIGN_IDENTITY[sdk=iphoneos*]" = "iPhone Developer";
				COPY_PHASE_STRIP = NO;
				DEBUG_INFORMATION_FORMAT = "dwarf-with-dsym";
				ENABLE_NS_ASSERTIONS = NO;
				ENABLE_STRICT_OBJC_MSGSEND = YES;
				GCC_C_LANGUAGE_STANDARD = gnu99;
				GCC_NO_COMMON_BLOCKS = YES;
				GCC_WARN_64_TO_32_BIT_CONVERSION = YES;
				GCC_WARN_ABOUT_RETURN_TYPE = YES_ERROR;
				GCC_WARN_UNDECLARED_SELECTOR = YES;
				GCC_WARN_UNINITIALIZED_AUTOS = YES_AGGRESSIVE;
				GCC_WARN_UNUSED_FUNCTION = YES;
				GCC_WARN_UNUSED_VARIABLE = YES;
				IPHONEOS_DEPLOYMENT_TARGET = 10.3;
				MTL_ENABLE_DEBUG_INFO = NO;
				SDKROOT = iphoneos;
				TARGETED_DEVICE_FAMILY = "1,2";
				VALIDATE_PRODUCT = YES;
			};
			name = Release;
		};
		FE7D7D541F5AAB4A004DEA41 /* Debug */ = {
			isa = XCBuildConfiguration;
			buildSettings = {
				ASSETCATALOG_COMPILER_APPICON_NAME = AppIcon;
				INFOPLIST_FILE = HZRoute/Info.plist;
				LD_RUNPATH_SEARCH_PATHS = "$(inherited) @executable_path/Frameworks";
				PRODUCT_BUNDLE_IDENTIFIER = com.geeks.HZRoute;
				PRODUCT_NAME = "$(TARGET_NAME)";
			};
			name = Debug;
		};
		FE7D7D551F5AAB4A004DEA41 /* Release */ = {
			isa = XCBuildConfiguration;
			buildSettings = {
				ASSETCATALOG_COMPILER_APPICON_NAME = AppIcon;
				INFOPLIST_FILE = HZRoute/Info.plist;
				LD_RUNPATH_SEARCH_PATHS = "$(inherited) @executable_path/Frameworks";
				PRODUCT_BUNDLE_IDENTIFIER = com.geeks.HZRoute;
				PRODUCT_NAME = "$(TARGET_NAME)";
			};
			name = Release;
		};
		FE7D7D571F5AAB4A004DEA41 /* Debug */ = {
			isa = XCBuildConfiguration;
			buildSettings = {
				BUNDLE_LOADER = "$(TEST_HOST)";
				INFOPLIST_FILE = HZRouteTests/Info.plist;
				LD_RUNPATH_SEARCH_PATHS = "$(inherited) @executable_path/Frameworks @loader_path/Frameworks";
				PRODUCT_BUNDLE_IDENTIFIER = com.geeks.HZRouteTests;
				PRODUCT_NAME = "$(TARGET_NAME)";
				TEST_HOST = "$(BUILT_PRODUCTS_DIR)/HZRoute.app/HZRoute";
			};
			name = Debug;
		};
		FE7D7D581F5AAB4A004DEA41 /* Release */ = {
			isa = XCBuildConfiguration;
			buildSettings = {
				BUNDLE_LOADER = "$(TEST_HOST)";
				INFOPLIST_FILE = HZRouteTests/Info.plist;
				LD_RUNPATH_SEARCH_PATHS = "$(inherited) @executable_path/Frameworks @loader_path/Frameworks";
				PRODUCT_BUNDLE_IDENTIFIER = com.geeks.HZRouteTests;
				PRODUCT_NAME = "$(TARGET_NAME)";
				TEST_HOST = "$(BUILT_PRODUCTS_DIR)/HZRoute.app/HZRoute";
			};
			name = Release;
		};
		FE7D7D5A1F5AAB4A004DEA41 /* Debug */ = {
			isa = XCBuildConfiguration;
			buildSettings = {
				INFOPLIST_FILE = HZRouteUITests/Info.plist;
				LD_RUNPATH_SEARCH_PATHS = "$(inherited) @executable_path/Frameworks @loader_path/Frameworks";
				PRODUCT_BUNDLE_IDENTIFIER = com.geeks.HZRouteUITests;
				PRODUCT_NAME = "$(TARGET_NAME)";
				TEST_TARGET_NAME = HZRoute;
			};
			name = Debug;
		};
		FE7D7D5B1F5AAB4A004DEA41 /* Release */ = {
			isa = XCBuildConfiguration;
			buildSettings = {
				INFOPLIST_FILE = HZRouteUITests/Info.plist;
				LD_RUNPATH_SEARCH_PATHS = "$(inherited) @executable_path/Frameworks @loader_path/Frameworks";
				PRODUCT_BUNDLE_IDENTIFIER = com.geeks.HZRouteUITests;
				PRODUCT_NAME = "$(TARGET_NAME)";
				TEST_TARGET_NAME = HZRoute;
			};
			name = Release;
		};
/* End XCBuildConfiguration section */

/* Begin XCConfigurationList section */
		FE7D7D211F5AAB4A004DEA41 /* Build configuration list for PBXProject "HZRoute" */ = {
			isa = XCConfigurationList;
			buildConfigurations = (
				FE7D7D511F5AAB4A004DEA41 /* Debug */,
				FE7D7D521F5AAB4A004DEA41 /* Release */,
			);
			defaultConfigurationIsVisible = 0;
			defaultConfigurationName = Release;
		};
		FE7D7D531F5AAB4A004DEA41 /* Build configuration list for PBXNativeTarget "HZRoute" */ = {
			isa = XCConfigurationList;
			buildConfigurations = (
				FE7D7D541F5AAB4A004DEA41 /* Debug */,
				FE7D7D551F5AAB4A004DEA41 /* Release */,
			);
			defaultConfigurationIsVisible = 0;
		};
		FE7D7D561F5AAB4A004DEA41 /* Build configuration list for PBXNativeTarget "HZRouteTests" */ = {
			isa = XCConfigurationList;
			buildConfigurations = (
				FE7D7D571F5AAB4A004DEA41 /* Debug */,
				FE7D7D581F5AAB4A004DEA41 /* Release */,
			);
			defaultConfigurationIsVisible = 0;
		};
		FE7D7D591F5AAB4A004DEA41 /* Build configuration list for PBXNativeTarget "HZRouteUITests" */ = {
			isa = XCConfigurationList;
			buildConfigurations = (
				FE7D7D5A1F5AAB4A004DEA41 /* Debug */,
				FE7D7D5B1F5AAB4A004DEA41 /* Release */,
			);
			defaultConfigurationIsVisible = 0;
		};
/* End XCConfigurationList section */
	};
	rootObject = FE7D7D1E1F5AAB4A004DEA41 /* Project object */;
}
